
Microsoft Visual Studio Solution File, Format Version 12.00
# Visual Studio Version 16
VisualStudioVersion = 16.0.31129.286
MinimumVisualStudioVersion = 10.0.40219.1
Project("{FAE04EC0-301F-11D3-BF4B-00C04F79EFBC}") = "HttpServer", "HttpServer\HttpServer.csproj", "{1599BF93-138B-428B-B4C2-BAC582FEA580}"
EndProject
Global
	GlobalSection(SolutionConfigurationPlatforms) = preSolution
		Debug|Any CPU = Debug|Any CPU
		Release|Any CPU = Release|Any CPU
	EndGlobalSection
	GlobalSection(ProjectConfigurationPlatforms) = postSolution
		{1599BF93-138B-428B-B4C2-BAC582FEA580}.Debug|Any CPU.ActiveCfg = Debug|Any CPU
		{1599BF93-138B-428B-B4C2-BAC582FEA580}.Debug|Any CPU.Build.0 = Debug|Any CPU
		{1599BF93-138B-428B-B4C2-BAC582FEA580}.Release|Any CPU.ActiveCfg = Release|Any CPU
		{1599BF93-138B-428B-B4C2-BAC582FEA580}.Release|Any CPU.Build.0 = Release|Any CPU
	EndGlobalSection
	GlobalSection(SolutionProperties) = preSolution
		HideSolutionNode = FALSE
	EndGlobalSection
	GlobalSection(ExtensibilityGlobals) = postSolution
		SolutionGuid = {0397B577-07F4-4653-A0CB-A66418C5675D}
	EndGlobalSection
EndGlobal
